
Microsoft Visual Studio Solution File, Format Version 12.00
# Visual Studio Version 16
VisualStudioVersion = 16.0.30907.101
MinimumVisualStudioVersion = 10.0.40219.1
Project("{FAE04EC0-301F-11D3-BF4B-00C04F79EFBC}") = "Employees", "Employees.csproj", "{C6932543-02D4-49D7-A625-F17975C21156}"
EndProject
Global
	GlobalSection(SolutionConfigurationPlatforms) = preSolution
		Debug|Any CPU = Debug|Any CPU
		Release|Any CPU = Release|Any CPU
	EndGlobalSection
	GlobalSection(ProjectConfigurationPlatforms) = postSolution
		{C6932543-02D4-49D7-A625-F17975C21156}.Debug|Any CPU.ActiveCfg = Debug|Any CPU
		{C6932543-02D4-49D7-A625-F17975C21156}.Debug|Any CPU.Build.0 = Debug|Any CPU
		{C6932543-02D4-49D7-A625-F17975C21156}.Release|Any CPU.ActiveCfg = Release|Any CPU
		{C6932543-02D4-49D7-A625-F17975C21156}.Release|Any CPU.Build.0 = Release|Any CPU
	EndGlobalSection
	GlobalSection(SolutionProperties) = preSolution
		HideSolutionNode = FALSE
	EndGlobalSection
	GlobalSection(ExtensibilityGlobals) = postSolution
		SolutionGuid = {4BBE1540-5EB9-4F7A-8BB6-59F95B39ED2D}
	EndGlobalSection
EndGlobal
